// !$*UTF8*$!
{
	archiveVersion = 1;
	classes = {
	};
	objectVersion = 56;
	objects = {

/* Begin PBXBuildFile section */
		AF1000000000000000000003 /* LibraryFrameDiagnostics.swift in Sources */ = {isa = PBXBuildFile; fileRef = AF1000000000000000000004; };
		AF1000000000000000000001 /* ArcticEmptyState.swift in Sources */ = {isa = PBXBuildFile; fileRef = AF1000000000000000000002; };
		AC0000000000000000000011 /* Shared/ArticleMetadata.swift in Sources */ = {isa = PBXBuildFile; fileRef = AC0000000000000000000010; };
		AC0000000000000000000012 /* Shared/ArticleMetadata.swift in Sources */ = {isa = PBXBuildFile; fileRef = AC0000000000000000000010; };
		AC0000000000000000000013 /* SwiftSoup in Frameworks */ = {isa = PBXBuildFile; productRef = AC0000000000000000000014; };
		AC0000000000000000000001 /* LibraryCards.swift in Sources */ = {isa = PBXBuildFile; fileRef = AC0000000000000000000002; };
		1769157A8AB718CDFBBCACD7 /* Resources/Fixtures in Resources */ = {isa = PBXBuildFile; fileRef = 0D915EFA215768CF91F0230D /* Resources/Fixtures */; };
		21ADEF507F9930F5FDD82263 /* Sources/ArticleTagsSheet.swift in Sources */ = {isa = PBXBuildFile; fileRef = 2A130218C963B16D9D88BB85 /* Sources/ArticleTagsSheet.swift */; };
		3753BC55C93758D0B1748C68 /* Sources/ArticleStore.swift in Sources */ = {isa = PBXBuildFile; fileRef = FAA050406DC7C8245063AEDD /* Sources/ArticleStore.swift */; };
		4C47C3DB8D16BF935EEAD44A /* Resources/reader.css in Resources */ = {isa = PBXBuildFile; fileRef = 3D271EB184029D0702465C41 /* Resources/reader.css */; };
		80109A1614335DCE440789D7 /* Resources/unwall-domains.json in Resources */ = {isa = PBXBuildFile; fileRef = EE2F7E402A6FC3D835C95F2F /* Resources/unwall-domains.json */; };
		813B25FE8AC54B581077F620 /* Sources/ArticleReaderApp.swift in Sources */ = {isa = PBXBuildFile; fileRef = 0A7E64B70908FC6120688D6F /* Sources/ArticleReaderApp.swift */; };
		83547CBCE7341933B72FFB38 /* Sources/ReaderTheme.swift in Sources */ = {isa = PBXBuildFile; fileRef = 85A5CBD427C94BFA7B1589C6 /* Sources/ReaderTheme.swift */; };
		85F213B0B227AC41AB40C3FE /* Sources/ClipboardSuggestion.swift in Sources */ = {isa = PBXBuildFile; fileRef = D7B3CB2BBAF3B422DA5F0B20 /* Sources/ClipboardSuggestion.swift */; };
		8E87C159A703BA863E2F25DC /* Resources/reader.js in Resources */ = {isa = PBXBuildFile; fileRef = F5530DBD3C688941086224CD /* Resources/reader.js */; };
		9BE38C66052403B52952CD8B /* Sources/ArticleBrowser.swift in Sources */ = {isa = PBXBuildFile; fileRef = 9FFC0A7EFA8751DD7B8DC244 /* Sources/ArticleBrowser.swift */; };
		9C0756650A472EF050BC1620 /* Shared/SharedInbox.swift in Sources */ = {isa = PBXBuildFile; fileRef = 3FAEBC82ABEB810E1AD4D80A /* Shared/SharedInbox.swift */; };
		9C91594FF13816DB9ACDF271 /* Shared/SharedInbox.swift in Sources */ = {isa = PBXBuildFile; fileRef = 3FAEBC82ABEB810E1AD4D80A /* Shared/SharedInbox.swift */; };
		9D42568CCFF7371C107E0CCE /* ArticleShare.appex in Embed App Extensions */ = {isa = PBXBuildFile; fileRef = 9CF7393FB97ADBE522C6CC09 /* ArticleShare.appex */; settings = {ATTRIBUTES = (RemoveHeadersOnCopy, ); }; };
		A00000000000000000000002 /* THIRD_PARTY_NOTICES.txt in Resources */ = {isa = PBXBuildFile; fileRef = A00000000000000000000001 /* THIRD_PARTY_NOTICES.txt */; };
		B446FAE6EEDF754A5F085FB3 /* Sources/ReaderPage.swift in Sources */ = {isa = PBXBuildFile; fileRef = 501300FDF518EC91D6BAF584 /* Sources/ReaderPage.swift */; };
		CBC5EA5EEC97F8605680CC07 /* Sources/LibrarySearch.swift in Sources */ = {isa = PBXBuildFile; fileRef = 62565BDC186B64135F9A2BE7 /* Sources/LibrarySearch.swift */; };
		D7AA01FA220D01B26420ADDF /* Tests/ArticleReaderUITests.swift in Sources */ = {isa = PBXBuildFile; fileRef = 39719A39DAB06EC51E5CE446 /* Tests/ArticleReaderUITests.swift */; };
		DC39E13890165933DAD812EA /* ShareExtension/ShareViewController.swift in Sources */ = {isa = PBXBuildFile; fileRef = 4CE62A4A578AC07CC19C67B2 /* ShareExtension/ShareViewController.swift */; };
		E5B47F688E8A0191D55DD50A /* SwiftSoup in Frameworks */ = {isa = PBXBuildFile; productRef = 93AD1EDAFAFA81C496F7C2F3 /* SwiftSoup */; };
		F980534EB990FC023D1FAD4B /* Resources/Fonts in Resources */ = {isa = PBXBuildFile; fileRef = 2DCCAA44EF6AF66015D5CF7F /* Resources/Fonts */; };
		6D37B755E2F086821F21CFDA /* Shared/TagBeam.swift in Sources */ = {isa = PBXBuildFile; fileRef = 6434173C4E2B641C704F6E7C; };
		AAAB2E277B5B009806C21755 /* Shared/TagBeam.swift in Sources */ = {isa = PBXBuildFile; fileRef = 6434173C4E2B641C704F6E7C; };
		0DCA564A9C7F5507DCEBC369 /* Shared/ArticleTagging.swift in Sources */ = {isa = PBXBuildFile; fileRef = 09BC4C0BCB059E49AB78E980; };
		5CB4D81ACB71977A69B67990 /* Shared/ArticleTagging.swift in Sources */ = {isa = PBXBuildFile; fileRef = 09BC4C0BCB059E49AB78E980; };
		FF871BE3F2D0BCEB2E70AC6D /* Sources/OnboardingView.swift in Sources */ = {isa = PBXBuildFile; fileRef = 8AED555B40F4211F76F302C6; };
		F2C5ECCD58964F85A6840623 /* Sources/OnboardingIllustrations.swift in Sources */ = {isa = PBXBuildFile; fileRef = B19682820E510C669785606C; };
		A47B570ED105F4A6AF8686AB /* Sources/TaggingFeedback.swift in Sources */ = {isa = PBXBuildFile; fileRef = 65321670A496A9E91891C729; };
		F81AAC2FFA4C7815EFD9149A /* Tests/ArticleOnboardingUITests.swift in Sources */ = {isa = PBXBuildFile; fileRef = 5779CC5745091D0E858F9385; };
		55D4734A40FDC1796310CFA3 /* Tests/ArticleTaggingUITests.swift in Sources */ = {isa = PBXBuildFile; fileRef = DB5DC4BC6003C9D4D88F740A; };
		FCC2E43BE251870F6604B9CB /* Shared/ArcticBrand.swift in Sources */ = {isa = PBXBuildFile; fileRef = 6E326710A7D6E0839A4FFD3E; };
		AE2306DE25C1E0BCFFFC485D /* Shared/ArcticBrand.swift in Sources */ = {isa = PBXBuildFile; fileRef = 6E326710A7D6E0839A4FFD3E; };
		7435FA9169AC7863BE1D4E17 /* Resources/Assets.xcassets in Resources */ = {isa = PBXBuildFile; fileRef = 4545F5318A0046043187F2EB; };
		5BF86EF416D56DD5760525E5 /* Sources/AnnotationStore.swift in Sources */ = {isa = PBXBuildFile; fileRef = 3AC7E3F6AF5D3349C2B82840; };
		E8E6F3EAD101B0744972C82F /* Sources/ReaderAnnotations.swift in Sources */ = {isa = PBXBuildFile; fileRef = E2C4040636A8440F5AB50B3E; };
		5318E6A664FC8619C6F7F2C8 /* Resources/annotations.js in Resources */ = {isa = PBXBuildFile; fileRef = 864C6F1CB9FB13DA8613C8A4; };
		84495D52545D0C659817B828 /* Tests/AnnotationUITests.swift in Sources */ = {isa = PBXBuildFile; fileRef = D601DAE211C479CFDF0063E1; };
		F8E7F1651E3903F31546899B /* Sources/PreviewImageWorkLimit.swift in Sources */ = {isa = PBXBuildFile; fileRef = 215E1D8DEDCDE9DD2F568E99; };
		038CF846B18FA82B609AEE97 /* Sources/ArticleSyncRepository.swift in Sources */ = {isa = PBXBuildFile; fileRef = 092EA8ED3C38F268ED5CD960; };
		ABC000000000000000000003 /* ArcticSync in Frameworks */ = {isa = PBXBuildFile; productRef = ABC000000000000000000002; };
		C152409799A6DD136ABDE906 /* Tests/ReaderPerformanceUITests.swift in Sources */ = {isa = PBXBuildFile; fileRef = DDE499DF7195A9AF2D03CBFA; };
		7BD85323A4807875A1E15639 /* Sources/ReaderFontScheme.swift in Sources */ = {isa = PBXBuildFile; fileRef = 353E9B7484F57124364E4DB4; };
		7FF975968B6C84DC4B1EF301 /* Sources/PreviewImageCodec.swift in Sources */ = {isa = PBXBuildFile; fileRef = 189B88D17D4346B47DEDFE7E; };
		712A9841FD0A5962310D3250 /* Sources/LibraryAnnotations.swift in Sources */ = {isa = PBXBuildFile; fileRef = 3A57486727C26B20627EBE2E; };
		3724BDCED90008ED9E63975D /* Tests/LibraryAnnotationsUITests.swift in Sources */ = {isa = PBXBuildFile; fileRef = D296399755D86C57889B4DA3; };
		4C80C7108F39FD6BCF36CDEC /* Tests/LibraryScrollPerformanceUITests.swift in Sources */ = {isa = PBXBuildFile; fileRef = A5679766BFF225A4380B3B75; };
/* End PBXBuildFile section */

/* Begin PBXContainerItemProxy section */
		56C23BD56E192215668DEB1A /* PBXContainerItemProxy */ = {
			isa = PBXContainerItemProxy;
			containerPortal = 98F54143AB4E86B28C3AFEE0 /* Project object */;
			proxyType = 1;
			remoteGlobalIDString = 3F90488D16482BAE84871208;
			remoteInfo = ArticleShare;
		};
		D799BAE6088A90139B415FCC /* PBXContainerItemProxy */ = {
			isa = PBXContainerItemProxy;
			containerPortal = 98F54143AB4E86B28C3AFEE0 /* Project object */;
			proxyType = 1;
			remoteGlobalIDString = 7D1043473D55BFA90E8530D3;
			remoteInfo = ArticleReader;
		};
/* End PBXContainerItemProxy section */

/* Begin PBXCopyFilesBuildPhase section */
		30351445B8997D44989FEFD3 /* Embed App Extensions */ = {
			isa = PBXCopyFilesBuildPhase;
			buildActionMask = 2147483647;
			dstPath = "";
			dstSubfolderSpec = 13;
			files = (
				9D42568CCFF7371C107E0CCE /* ArticleShare.appex in Embed App Extensions */,
			);
			name = "Embed App Extensions";
			runOnlyForDeploymentPostprocessing = 0;
		};
/* End PBXCopyFilesBuildPhase section */

/* Begin PBXFileReference section */
		AF1000000000000000000004 /* LibraryFrameDiagnostics.swift */ = {isa = PBXFileReference; lastKnownFileType = sourcecode.swift; path = Sources/LibraryFrameDiagnostics.swift; sourceTree = "<group>"; };
		AF1000000000000000000002 /* ArcticEmptyState.swift */ = {isa = PBXFileReference; lastKnownFileType = sourcecode.swift; path = Sources/ArcticEmptyState.swift; sourceTree = "<group>"; };
		AC0000000000000000000010 /* Shared/ArticleMetadata.swift */ = {isa = PBXFileReference; lastKnownFileType = sourcecode.swift; path = Shared/ArticleMetadata.swift; sourceTree = "<group>"; };
		AC0000000000000000000002 /* LibraryCards.swift */ = {isa = PBXFileReference; lastKnownFileType = sourcecode.swift; path = Sources/LibraryCards.swift; sourceTree = "<group>"; };
		0A7E64B70908FC6120688D6F /* Sources/ArticleReaderApp.swift */ = {isa = PBXFileReference; lastKnownFileType = sourcecode.swift; path = Sources/ArticleReaderApp.swift; sourceTree = "<group>"; };
		0D915EFA215768CF91F0230D /* Resources/Fixtures */ = {isa = PBXFileReference; lastKnownFileType = folder; path = Resources/Fixtures; sourceTree = "<group>"; };
		2A130218C963B16D9D88BB85 /* Sources/ArticleTagsSheet.swift */ = {isa = PBXFileReference; lastKnownFileType = sourcecode.swift; path = Sources/ArticleTagsSheet.swift; sourceTree = "<group>"; };
		2DCCAA44EF6AF66015D5CF7F /* Resources/Fonts */ = {isa = PBXFileReference; lastKnownFileType = folder; path = Resources/Fonts; sourceTree = "<group>"; };
		39719A39DAB06EC51E5CE446 /* Tests/ArticleReaderUITests.swift */ = {isa = PBXFileReference; lastKnownFileType = sourcecode.swift; path = Tests/ArticleReaderUITests.swift; sourceTree = "<group>"; };
		3D271EB184029D0702465C41 /* Resources/reader.css */ = {isa = PBXFileReference; lastKnownFileType = text; path = Resources/reader.css; sourceTree = "<group>"; };
		3FAEBC82ABEB810E1AD4D80A /* Shared/SharedInbox.swift */ = {isa = PBXFileReference; lastKnownFileType = sourcecode.swift; path = Shared/SharedInbox.swift; sourceTree = "<group>"; };
		4CE62A4A578AC07CC19C67B2 /* ShareExtension/ShareViewController.swift */ = {isa = PBXFileReference; lastKnownFileType = sourcecode.swift; path = ShareExtension/ShareViewController.swift; sourceTree = "<group>"; };
		501300FDF518EC91D6BAF584 /* Sources/ReaderPage.swift */ = {isa = PBXFileReference; lastKnownFileType = sourcecode.swift; path = Sources/ReaderPage.swift; sourceTree = "<group>"; };
		62565BDC186B64135F9A2BE7 /* Sources/LibrarySearch.swift */ = {isa = PBXFileReference; lastKnownFileType = sourcecode.swift; path = Sources/LibrarySearch.swift; sourceTree = "<group>"; };
		85A5CBD427C94BFA7B1589C6 /* Sources/ReaderTheme.swift */ = {isa = PBXFileReference; lastKnownFileType = sourcecode.swift; path = Sources/ReaderTheme.swift; sourceTree = "<group>"; };
		8BCD5BC4CDFDF0918087C782 /* ArticleReader.app */ = {isa = PBXFileReference; explicitFileType = wrapper.application; path = ArticleReader.app; sourceTree = BUILT_PRODUCTS_DIR; };
		9CF7393FB97ADBE522C6CC09 /* ArticleShare.appex */ = {isa = PBXFileReference; explicitFileType = "wrapper.app-extension"; path = ArticleShare.appex; sourceTree = BUILT_PRODUCTS_DIR; };
		9FFC0A7EFA8751DD7B8DC244 /* Sources/ArticleBrowser.swift */ = {isa = PBXFileReference; lastKnownFileType = sourcecode.swift; path = Sources/ArticleBrowser.swift; sourceTree = "<group>"; };
		A00000000000000000000001 /* THIRD_PARTY_NOTICES.txt */ = {isa = PBXFileReference; lastKnownFileType = text; path = THIRD_PARTY_NOTICES.txt; sourceTree = "<group>"; };
		D7B3CB2BBAF3B422DA5F0B20 /* Sources/ClipboardSuggestion.swift */ = {isa = PBXFileReference; lastKnownFileType = sourcecode.swift; path = Sources/ClipboardSuggestion.swift; sourceTree = "<group>"; };
		EE2F7E402A6FC3D835C95F2F /* Resources/unwall-domains.json */ = {isa = PBXFileReference; lastKnownFileType = text; path = "Resources/unwall-domains.json"; sourceTree = "<group>"; };
		F219C0274590DA45E4BEF1EA /* ArticleReaderUITests.xctest */ = {isa = PBXFileReference; explicitFileType = wrapper.cfbundle; path = ArticleReaderUITests.xctest; sourceTree = BUILT_PRODUCTS_DIR; };
		F5530DBD3C688941086224CD /* Resources/reader.js */ = {isa = PBXFileReference; lastKnownFileType = text; path = Resources/reader.js; sourceTree = "<group>"; };
		FAA050406DC7C8245063AEDD /* Sources/ArticleStore.swift */ = {isa = PBXFileReference; lastKnownFileType = sourcecode.swift; path = Sources/ArticleStore.swift; sourceTree = "<group>"; };
		6434173C4E2B641C704F6E7C /* Shared/TagBeam.swift */ = {isa = PBXFileReference; lastKnownFileType = sourcecode.swift; path = Shared/TagBeam.swift; sourceTree = "<group>"; };
		09BC4C0BCB059E49AB78E980 /* Shared/ArticleTagging.swift */ = {isa = PBXFileReference; lastKnownFileType = sourcecode.swift; path = Shared/ArticleTagging.swift; sourceTree = "<group>"; };
		8AED555B40F4211F76F302C6 /* Sources/OnboardingView.swift */ = {isa = PBXFileReference; lastKnownFileType = sourcecode.swift; path = Sources/OnboardingView.swift; sourceTree = "<group>"; };
		B19682820E510C669785606C /* Sources/OnboardingIllustrations.swift */ = {isa = PBXFileReference; lastKnownFileType = sourcecode.swift; path = Sources/OnboardingIllustrations.swift; sourceTree = "<group>"; };
		65321670A496A9E91891C729 /* Sources/TaggingFeedback.swift */ = {isa = PBXFileReference; lastKnownFileType = sourcecode.swift; path = Sources/TaggingFeedback.swift; sourceTree = "<group>"; };
		5779CC5745091D0E858F9385 /* Tests/ArticleOnboardingUITests.swift */ = {isa = PBXFileReference; lastKnownFileType = sourcecode.swift; path = Tests/ArticleOnboardingUITests.swift; sourceTree = "<group>"; };
		DB5DC4BC6003C9D4D88F740A /* Tests/ArticleTaggingUITests.swift */ = {isa = PBXFileReference; lastKnownFileType = sourcecode.swift; path = Tests/ArticleTaggingUITests.swift; sourceTree = "<group>"; };
		6E326710A7D6E0839A4FFD3E /* Shared/ArcticBrand.swift */ = {isa = PBXFileReference; lastKnownFileType = sourcecode.swift; path = Shared/ArcticBrand.swift; sourceTree = "<group>"; };
		4545F5318A0046043187F2EB /* Resources/Assets.xcassets */ = {isa = PBXFileReference; lastKnownFileType = folder.assetcatalog; path = Resources/Assets.xcassets; sourceTree = "<group>"; };
		3AC7E3F6AF5D3349C2B82840 /* Sources/AnnotationStore.swift */ = {isa = PBXFileReference; lastKnownFileType = sourcecode.swift; path = Sources/AnnotationStore.swift; sourceTree = "<group>"; };
		E2C4040636A8440F5AB50B3E /* Sources/ReaderAnnotations.swift */ = {isa = PBXFileReference; lastKnownFileType = sourcecode.swift; path = Sources/ReaderAnnotations.swift; sourceTree = "<group>"; };
		864C6F1CB9FB13DA8613C8A4 /* Resources/annotations.js */ = {isa = PBXFileReference; lastKnownFileType = sourcecode.javascript; path = Resources/annotations.js; sourceTree = "<group>"; };
		D601DAE211C479CFDF0063E1 /* Tests/AnnotationUITests.swift */ = {isa = PBXFileReference; lastKnownFileType = sourcecode.swift; path = Tests/AnnotationUITests.swift; sourceTree = "<group>"; };
		215E1D8DEDCDE9DD2F568E99 /* Sources/PreviewImageWorkLimit.swift */ = {isa = PBXFileReference; lastKnownFileType = sourcecode.swift; path = Sources/PreviewImageWorkLimit.swift; sourceTree = "<group>"; };
		092EA8ED3C38F268ED5CD960 /* Sources/ArticleSyncRepository.swift */ = {isa = PBXFileReference; lastKnownFileType = sourcecode.swift; path = Sources/ArticleSyncRepository.swift; sourceTree = "<group>"; };
		DDE499DF7195A9AF2D03CBFA /* Tests/ReaderPerformanceUITests.swift */ = {isa = PBXFileReference; lastKnownFileType = sourcecode.swift; path = Tests/ReaderPerformanceUITests.swift; sourceTree = "<group>"; };
		353E9B7484F57124364E4DB4 /* Sources/ReaderFontScheme.swift */ = {isa = PBXFileReference; lastKnownFileType = sourcecode.swift; path = Sources/ReaderFontScheme.swift; sourceTree = "<group>"; };
		189B88D17D4346B47DEDFE7E /* Sources/PreviewImageCodec.swift */ = {isa = PBXFileReference; lastKnownFileType = sourcecode.swift; path = Sources/PreviewImageCodec.swift; sourceTree = "<group>"; };
		3A57486727C26B20627EBE2E /* Sources/LibraryAnnotations.swift */ = {isa = PBXFileReference; lastKnownFileType = sourcecode.swift; path = Sources/LibraryAnnotations.swift; sourceTree = "<group>"; };
		D296399755D86C57889B4DA3 /* Tests/LibraryAnnotationsUITests.swift */ = {isa = PBXFileReference; lastKnownFileType = sourcecode.swift; path = Tests/LibraryAnnotationsUITests.swift; sourceTree = "<group>"; };
		A5679766BFF225A4380B3B75 /* Tests/LibraryScrollPerformanceUITests.swift */ = {isa = PBXFileReference; lastKnownFileType = sourcecode.swift; path = Tests/LibraryScrollPerformanceUITests.swift; sourceTree = "<group>"; };
/* End PBXFileReference section */

/* Begin PBXFrameworksBuildPhase section */
		1ABF84E55BD30AC2CEF8FC42 /* Frameworks */ = {
			isa = PBXFrameworksBuildPhase;
			buildActionMask = 2147483647;
			files = (
			);
			runOnlyForDeploymentPostprocessing = 0;
		};
		7561BFB015D8F536760CB671 /* Frameworks */ = {
			isa = PBXFrameworksBuildPhase;
			buildActionMask = 2147483647;
			files = (
				E5B47F688E8A0191D55DD50A /* SwiftSoup in Frameworks */,
				ABC000000000000000000003 /* ArcticSync in Frameworks */,
			);
			runOnlyForDeploymentPostprocessing = 0;
		};
		AC51ABEC72E6B82AD2EA56AB /* Frameworks */ = {
			isa = PBXFrameworksBuildPhase;
			buildActionMask = 2147483647;
			files = (
				AC0000000000000000000013 /* SwiftSoup in Frameworks */,
			);
			runOnlyForDeploymentPostprocessing = 0;
		};
/* End PBXFrameworksBuildPhase section */

/* Begin PBXGroup section */
		B28B7AF69320201D1CF206EB = {
			isa = PBXGroup;
			children = (
				D296399755D86C57889B4DA3 /* Tests/LibraryAnnotationsUITests.swift */,
				A5679766BFF225A4380B3B75 /* Tests/LibraryScrollPerformanceUITests.swift */,
				3A57486727C26B20627EBE2E /* Sources/LibraryAnnotations.swift */,
				189B88D17D4346B47DEDFE7E /* Sources/PreviewImageCodec.swift */,
				4545F5318A0046043187F2EB /* Resources/Assets.xcassets */,
				6E326710A7D6E0839A4FFD3E /* Shared/ArcticBrand.swift */,
				DB5DC4BC6003C9D4D88F740A /* Tests/ArticleTaggingUITests.swift */,
				5779CC5745091D0E858F9385 /* Tests/ArticleOnboardingUITests.swift */,
				65321670A496A9E91891C729 /* Sources/TaggingFeedback.swift */,
				B19682820E510C669785606C /* Sources/OnboardingIllustrations.swift */,
				8AED555B40F4211F76F302C6 /* Sources/OnboardingView.swift */,
				AC0000000000000000000010 /* Shared/ArticleMetadata.swift */,
				09BC4C0BCB059E49AB78E980 /* Shared/ArticleTagging.swift */,
				6434173C4E2B641C704F6E7C /* Shared/TagBeam.swift */,
				D7B3CB2BBAF3B422DA5F0B20 /* Sources/ClipboardSuggestion.swift */,
				3FAEBC82ABEB810E1AD4D80A /* Shared/SharedInbox.swift */,
				4CE62A4A578AC07CC19C67B2 /* ShareExtension/ShareViewController.swift */,
				2DCCAA44EF6AF66015D5CF7F /* Resources/Fonts */,
				2A130218C963B16D9D88BB85 /* Sources/ArticleTagsSheet.swift */,
				62565BDC186B64135F9A2BE7 /* Sources/LibrarySearch.swift */,
				85A5CBD427C94BFA7B1589C6 /* Sources/ReaderTheme.swift */,
				A00000000000000000000001 /* THIRD_PARTY_NOTICES.txt */,
				9FFC0A7EFA8751DD7B8DC244 /* Sources/ArticleBrowser.swift */,
				0A7E64B70908FC6120688D6F /* Sources/ArticleReaderApp.swift */,
				AC0000000000000000000002 /* LibraryCards.swift */,
				AF1000000000000000000004 /* LibraryFrameDiagnostics.swift */,
				AF1000000000000000000002 /* ArcticEmptyState.swift */,
				215E1D8DEDCDE9DD2F568E99 /* Sources/PreviewImageWorkLimit.swift */,
				092EA8ED3C38F268ED5CD960 /* Sources/ArticleSyncRepository.swift */,
				353E9B7484F57124364E4DB4 /* Sources/ReaderFontScheme.swift */,
				3AC7E3F6AF5D3349C2B82840 /* Sources/AnnotationStore.swift */,
				E2C4040636A8440F5AB50B3E /* Sources/ReaderAnnotations.swift */,
				864C6F1CB9FB13DA8613C8A4 /* Resources/annotations.js */,
				FAA050406DC7C8245063AEDD /* Sources/ArticleStore.swift */,
				501300FDF518EC91D6BAF584 /* Sources/ReaderPage.swift */,
				3D271EB184029D0702465C41 /* Resources/reader.css */,
				F5530DBD3C688941086224CD /* Resources/reader.js */,
				EE2F7E402A6FC3D835C95F2F /* Resources/unwall-domains.json */,
				0D915EFA215768CF91F0230D /* Resources/Fixtures */,
				D601DAE211C479CFDF0063E1 /* Tests/AnnotationUITests.swift */,
				DDE499DF7195A9AF2D03CBFA /* Tests/ReaderPerformanceUITests.swift */,
				39719A39DAB06EC51E5CE446 /* Tests/ArticleReaderUITests.swift */,
				FBDC4F23F93125BBEEAE800C /* Products */,
			);
			sourceTree = "<group>";
		};
		FBDC4F23F93125BBEEAE800C /* Products */ = {
			isa = PBXGroup;
			children = (
				9CF7393FB97ADBE522C6CC09 /* ArticleShare.appex */,
				8BCD5BC4CDFDF0918087C782 /* ArticleReader.app */,
				F219C0274590DA45E4BEF1EA /* ArticleReaderUITests.xctest */,
			);
			name = Products;
			sourceTree = "<group>";
		};
/* End PBXGroup section */

/* Begin PBXNativeTarget section */
		3F90488D16482BAE84871208 /* ArticleShare */ = {
			isa = PBXNativeTarget;
			buildConfigurationList = B4B100F3AD4716C1856C57B3 /* Build configuration list for PBXNativeTarget "ArticleShare" */;
			buildPhases = (
				42C458FC0110A8266E043A23 /* Sources */,
				AC51ABEC72E6B82AD2EA56AB /* Frameworks */,
				3B65E5AC08CE86B8D71A4CF5 /* Resources */,
			);
			buildRules = (
			);
			dependencies = (
			);
			name = ArticleShare;
			packageProductDependencies = (
				AC0000000000000000000014 /* SwiftSoup */,
			);
			productName = ArticleShare;
			productReference = 9CF7393FB97ADBE522C6CC09 /* ArticleShare.appex */;
			productType = "com.apple.product-type.app-extension";
		};
		7D1043473D55BFA90E8530D3 /* ArticleReader */ = {
			isa = PBXNativeTarget;
			buildConfigurationList = F37922C48DA5978D02C9E50E /* Build configuration list for PBXNativeTarget "ArticleReader" */;
			buildPhases = (
				BCE16DD0260827ECF338C787 /* Sources */,
				7561BFB015D8F536760CB671 /* Frameworks */,
				0189424A5A60FED329FA868E /* Resources */,
				30351445B8997D44989FEFD3 /* Embed App Extensions */,
			);
			buildRules = (
			);
			dependencies = (
				4832F7C927B23528B48B430E /* PBXTargetDependency */,
			);
			name = ArticleReader;
			packageProductDependencies = (
				93AD1EDAFAFA81C496F7C2F3 /* SwiftSoup */,
				ABC000000000000000000002 /* ArcticSync */,
			);
			productName = ArticleReader;
			productReference = 8BCD5BC4CDFDF0918087C782 /* ArticleReader.app */;
			productType = "com.apple.product-type.application";
		};
		A94A8FE5CCB19BA61C4C0873 /* ArticleReaderUITests */ = {
			isa = PBXNativeTarget;
			buildConfigurationList = BECB265224D91761C05FDA33 /* Build configuration list for PBXNativeTarget "ArticleReaderUITests" */;
			buildPhases = (
				6E431EB0650617AA1756B320 /* Sources */,
				1ABF84E55BD30AC2CEF8FC42 /* Frameworks */,
				7DED7670B79BEA8B7480B1FC /* Resources */,
			);
			buildRules = (
			);
			dependencies = (
				E9FAD0C6CD43534327C0AF90 /* PBXTargetDependency */,
			);
			name = ArticleReaderUITests;
			productName = ArticleReaderUITests;
			productReference = F219C0274590DA45E4BEF1EA /* ArticleReaderUITests.xctest */;
			productType = "com.apple.product-type.bundle.ui-testing";
		};
/* End PBXNativeTarget section */

/* Begin PBXProject section */
		98F54143AB4E86B28C3AFEE0 /* Project object */ = {
			isa = PBXProject;
			attributes = {
				LastUpgradeCheck = 2630;
				TargetAttributes = {
					A94A8FE5CCB19BA61C4C0873 = {
						TestTargetID = 7D1043473D55BFA90E8530D3;
					};
				};
			};
			buildConfigurationList = 862894B703A6DEDF96A9DD6C /* Build configuration list for PBXProject "ArticleReader" */;
			compatibilityVersion = "Xcode 14.0";
			developmentRegion = en;
			hasScannedForEncodings = 0;
			knownRegions = (
				en,
				Base,
			);
			mainGroup = B28B7AF69320201D1CF206EB;
			packageReferences = (
				582681C2EAE02B3F3D399C0C /* XCRemoteSwiftPackageReference "SwiftSoup" */,
				ABC000000000000000000001 /* ArcticSync */,
			);
			productRefGroup = FBDC4F23F93125BBEEAE800C /* Products */;
			projectDirPath = "";
			projectRoot = "";
			targets = (
				3F90488D16482BAE84871208 /* ArticleShare */,
				7D1043473D55BFA90E8530D3 /* ArticleReader */,
				A94A8FE5CCB19BA61C4C0873 /* ArticleReaderUITests */,
			);
		};
/* End PBXProject section */

/* Begin PBXResourcesBuildPhase section */
		0189424A5A60FED329FA868E /* Resources */ = {
			isa = PBXResourcesBuildPhase;
			buildActionMask = 2147483647;
			files = (
				7435FA9169AC7863BE1D4E17 /* Resources/Assets.xcassets in Resources */,
				F980534EB990FC023D1FAD4B /* Resources/Fonts in Resources */,
				A00000000000000000000002 /* THIRD_PARTY_NOTICES.txt in Resources */,
				4C47C3DB8D16BF935EEAD44A /* Resources/reader.css in Resources */,
				5318E6A664FC8619C6F7F2C8 /* Resources/annotations.js in Resources */,
				8E87C159A703BA863E2F25DC /* Resources/reader.js in Resources */,
				80109A1614335DCE440789D7 /* Resources/unwall-domains.json in Resources */,
				1769157A8AB718CDFBBCACD7 /* Resources/Fixtures in Resources */,
			);
			runOnlyForDeploymentPostprocessing = 0;
		};
		3B65E5AC08CE86B8D71A4CF5 /* Resources */ = {
			isa = PBXResourcesBuildPhase;
			buildActionMask = 2147483647;
			files = (
			);
			runOnlyForDeploymentPostprocessing = 0;
		};
		7DED7670B79BEA8B7480B1FC /* Resources */ = {
			isa = PBXResourcesBuildPhase;
			buildActionMask = 2147483647;
			files = (
			);
			runOnlyForDeploymentPostprocessing = 0;
		};
/* End PBXResourcesBuildPhase section */

/* Begin PBXSourcesBuildPhase section */
		42C458FC0110A8266E043A23 /* Sources */ = {
			isa = PBXSourcesBuildPhase;
			buildActionMask = 2147483647;
			files = (
				FCC2E43BE251870F6604B9CB /* Shared/ArcticBrand.swift in Sources */,
				AC0000000000000000000011 /* Shared/ArticleMetadata.swift in Sources */,
				0DCA564A9C7F5507DCEBC369 /* Shared/ArticleTagging.swift in Sources */,
				6D37B755E2F086821F21CFDA /* Shared/TagBeam.swift in Sources */,
				9C0756650A472EF050BC1620 /* Shared/SharedInbox.swift in Sources */,
				DC39E13890165933DAD812EA /* ShareExtension/ShareViewController.swift in Sources */,
			);
			runOnlyForDeploymentPostprocessing = 0;
		};
		6E431EB0650617AA1756B320 /* Sources */ = {
			isa = PBXSourcesBuildPhase;
			buildActionMask = 2147483647;
			files = (
				3724BDCED90008ED9E63975D /* Tests/LibraryAnnotationsUITests.swift in Sources */,
				4C80C7108F39FD6BCF36CDEC /* Tests/LibraryScrollPerformanceUITests.swift in Sources */,
				55D4734A40FDC1796310CFA3 /* Tests/ArticleTaggingUITests.swift in Sources */,
				F81AAC2FFA4C7815EFD9149A /* Tests/ArticleOnboardingUITests.swift in Sources */,
				84495D52545D0C659817B828 /* Tests/AnnotationUITests.swift in Sources */,
				C152409799A6DD136ABDE906 /* Tests/ReaderPerformanceUITests.swift in Sources */,
				D7AA01FA220D01B26420ADDF /* Tests/ArticleReaderUITests.swift in Sources */,
			);
			runOnlyForDeploymentPostprocessing = 0;
		};
		BCE16DD0260827ECF338C787 /* Sources */ = {
			isa = PBXSourcesBuildPhase;
			buildActionMask = 2147483647;
			files = (
				712A9841FD0A5962310D3250 /* Sources/LibraryAnnotations.swift in Sources */,
				7FF975968B6C84DC4B1EF301 /* Sources/PreviewImageCodec.swift in Sources */,
				AE2306DE25C1E0BCFFFC485D /* Shared/ArcticBrand.swift in Sources */,
				A47B570ED105F4A6AF8686AB /* Sources/TaggingFeedback.swift in Sources */,
				F2C5ECCD58964F85A6840623 /* Sources/OnboardingIllustrations.swift in Sources */,
				FF871BE3F2D0BCEB2E70AC6D /* Sources/OnboardingView.swift in Sources */,
				AC0000000000000000000012 /* Shared/ArticleMetadata.swift in Sources */,
				5CB4D81ACB71977A69B67990 /* Shared/ArticleTagging.swift in Sources */,
				AAAB2E277B5B009806C21755 /* Shared/TagBeam.swift in Sources */,
				85F213B0B227AC41AB40C3FE /* Sources/ClipboardSuggestion.swift in Sources */,
				9C91594FF13816DB9ACDF271 /* Shared/SharedInbox.swift in Sources */,
				21ADEF507F9930F5FDD82263 /* Sources/ArticleTagsSheet.swift in Sources */,
				CBC5EA5EEC97F8605680CC07 /* Sources/LibrarySearch.swift in Sources */,
				83547CBCE7341933B72FFB38 /* Sources/ReaderTheme.swift in Sources */,
				9BE38C66052403B52952CD8B /* Sources/ArticleBrowser.swift in Sources */,
				813B25FE8AC54B581077F620 /* Sources/ArticleReaderApp.swift in Sources */,
				AC0000000000000000000001 /* LibraryCards.swift in Sources */,
				AF1000000000000000000003 /* LibraryFrameDiagnostics.swift in Sources */,
				AF1000000000000000000001 /* ArcticEmptyState.swift in Sources */,
				F8E7F1651E3903F31546899B /* Sources/PreviewImageWorkLimit.swift in Sources */,
				038CF846B18FA82B609AEE97 /* Sources/ArticleSyncRepository.swift in Sources */,
				7BD85323A4807875A1E15639 /* Sources/ReaderFontScheme.swift in Sources */,
				5BF86EF416D56DD5760525E5 /* Sources/AnnotationStore.swift in Sources */,
				E8E6F3EAD101B0744972C82F /* Sources/ReaderAnnotations.swift in Sources */,
				3753BC55C93758D0B1748C68 /* Sources/ArticleStore.swift in Sources */,
				B446FAE6EEDF754A5F085FB3 /* Sources/ReaderPage.swift in Sources */,
			);
			runOnlyForDeploymentPostprocessing = 0;
		};
/* End PBXSourcesBuildPhase section */

/* Begin PBXTargetDependency section */
		4832F7C927B23528B48B430E /* PBXTargetDependency */ = {
			isa = PBXTargetDependency;
			target = 3F90488D16482BAE84871208 /* ArticleShare */;
			targetProxy = 56C23BD56E192215668DEB1A /* PBXContainerItemProxy */;
		};
		E9FAD0C6CD43534327C0AF90 /* PBXTargetDependency */ = {
			isa = PBXTargetDependency;
			target = 7D1043473D55BFA90E8530D3 /* ArticleReader */;
			targetProxy = D799BAE6088A90139B415FCC /* PBXContainerItemProxy */;
		};
/* End PBXTargetDependency section */

/* Begin XCBuildConfiguration section */
		58FCBBEC0E34A3007D58E08F /* Release */ = {
			isa = XCBuildConfiguration;
			buildSettings = {
				APPLICATION_EXTENSION_API_ONLY = YES;
				CODE_SIGN_ENTITLEMENTS = ArticleReader.entitlements;
				CODE_SIGN_STYLE = Automatic;
				CURRENT_PROJECT_VERSION = 1;
				DEVELOPMENT_TEAM = PG4255U5YA;
				GENERATE_INFOPLIST_FILE = YES;
				INFOPLIST_FILE = ShareExtension/Info.plist;
				MARKETING_VERSION = 0.1.0;
				PRODUCT_BUNDLE_IDENTIFIER = com.zsheng.ArticleReader.Share;
				PRODUCT_NAME = "$(TARGET_NAME)";
				SKIP_INSTALL = YES;
				TARGETED_DEVICE_FAMILY = "1,2";
			};
			name = Release;
		};
		5A8C91857F674E16E2724F47 /* Release */ = {
			isa = XCBuildConfiguration;
			buildSettings = {
				CLANG_ENABLE_MODULES = YES;
				CODE_SIGN_ENTITLEMENTS = ArticleReader.entitlements;
				CODE_SIGN_STYLE = Automatic;
				CURRENT_PROJECT_VERSION = 1;
				DEVELOPMENT_TEAM = PG4255U5YA;
				GENERATE_INFOPLIST_FILE = YES;
				INFOPLIST_FILE = Info.plist;
				INFOPLIST_KEY_CFBundleDisplayName = Arctic;
				ASSETCATALOG_COMPILER_APPICON_NAME = AppIcon;
				INFOPLIST_KEY_UIApplicationSceneManifest_Generation = YES;
				INFOPLIST_KEY_UILaunchScreen_Generation = YES;
				INFOPLIST_KEY_UISupportedInterfaceOrientations = "UIInterfaceOrientationPortrait UIInterfaceOrientationLandscapeLeft UIInterfaceOrientationLandscapeRight";
				IPHONEOS_DEPLOYMENT_TARGET = 17.0;
				MARKETING_VERSION = 0.1.0;
				PRODUCT_BUNDLE_IDENTIFIER = com.zsheng.ArticleReader;
				PRODUCT_NAME = "$(TARGET_NAME)";
				SDKROOT = iphoneos;
				SWIFT_VERSION = 5.0;
				TARGETED_DEVICE_FAMILY = "1,2";
			};
			name = Release;
		};
		89E1FD6268CC0F221A2BE178 /* Debug */ = {
			isa = XCBuildConfiguration;
			buildSettings = {
				CLANG_ENABLE_MODULES = YES;
				DEBUG_INFORMATION_FORMAT = dwarf;
				ENABLE_TESTABILITY = YES;
				IPHONEOS_DEPLOYMENT_TARGET = 17.0;
				ONLY_ACTIVE_ARCH = YES;
				SDKROOT = iphoneos;
				SWIFT_ACTIVE_COMPILATION_CONDITIONS = DEBUG;
				SWIFT_OPTIMIZATION_LEVEL = "-Onone";
				SWIFT_VERSION = 5.0;
				TARGETED_DEVICE_FAMILY = "1,2";
			};
			name = Debug;
		};
		942EEBBACD6C88CAE7F29B29 /* Release */ = {
			isa = XCBuildConfiguration;
			buildSettings = {
				CLANG_ENABLE_MODULES = YES;
				CODE_SIGN_STYLE = Automatic;
				CURRENT_PROJECT_VERSION = 1;
				DEVELOPMENT_TEAM = PG4255U5YA;
				GENERATE_INFOPLIST_FILE = YES;
				IPHONEOS_DEPLOYMENT_TARGET = 17.0;
				MARKETING_VERSION = 0.1.0;
				PRODUCT_BUNDLE_IDENTIFIER = com.zsheng.ArticleReaderUITests;
				PRODUCT_NAME = "$(TARGET_NAME)";
				SDKROOT = iphoneos;
				SWIFT_VERSION = 5.0;
				TARGETED_DEVICE_FAMILY = "1,2";
				TEST_TARGET_NAME = ArticleReader;
			};
			name = Release;
		};
		E6DE6C99132752C914FEF632 /* Release */ = {
			isa = XCBuildConfiguration;
			buildSettings = {
				CLANG_ENABLE_MODULES = YES;
				DEBUG_INFORMATION_FORMAT = dwarf;
				IPHONEOS_DEPLOYMENT_TARGET = 17.0;
				SDKROOT = iphoneos;
				SWIFT_OPTIMIZATION_LEVEL = "-O";
				SWIFT_VERSION = 5.0;
				TARGETED_DEVICE_FAMILY = "1,2";
			};
			name = Release;
		};
		E9B2E96ABC5F6856F2BE79CF /* Debug */ = {
			isa = XCBuildConfiguration;
			buildSettings = {
				CLANG_ENABLE_MODULES = YES;
				CODE_SIGN_ENTITLEMENTS = ArticleReader.entitlements;
				CODE_SIGN_STYLE = Automatic;
				CURRENT_PROJECT_VERSION = 1;
				DEVELOPMENT_TEAM = PG4255U5YA;
				ENABLE_TESTABILITY = YES;
				GENERATE_INFOPLIST_FILE = YES;
				INFOPLIST_FILE = Info.plist;
				INFOPLIST_KEY_CFBundleDisplayName = Arctic;
				ASSETCATALOG_COMPILER_APPICON_NAME = AppIcon;
				INFOPLIST_KEY_UIApplicationSceneManifest_Generation = YES;
				INFOPLIST_KEY_UILaunchScreen_Generation = YES;
				INFOPLIST_KEY_UISupportedInterfaceOrientations = "UIInterfaceOrientationPortrait UIInterfaceOrientationLandscapeLeft UIInterfaceOrientationLandscapeRight";
				IPHONEOS_DEPLOYMENT_TARGET = 17.0;
				MARKETING_VERSION = 0.1.0;
				ONLY_ACTIVE_ARCH = YES;
				PRODUCT_BUNDLE_IDENTIFIER = com.zsheng.ArticleReader;
				PRODUCT_NAME = "$(TARGET_NAME)";
				SDKROOT = iphoneos;
				SWIFT_ACTIVE_COMPILATION_CONDITIONS = DEBUG;
				SWIFT_VERSION = 5.0;
				TARGETED_DEVICE_FAMILY = "1,2";
			};
			name = Debug;
		};
		F8E964B76970EB7D1556E779 /* Debug */ = {
			isa = XCBuildConfiguration;
			buildSettings = {
				APPLICATION_EXTENSION_API_ONLY = YES;
				CODE_SIGN_ENTITLEMENTS = ArticleReader.entitlements;
				CODE_SIGN_STYLE = Automatic;
				CURRENT_PROJECT_VERSION = 1;
				DEVELOPMENT_TEAM = PG4255U5YA;
				GENERATE_INFOPLIST_FILE = YES;
				INFOPLIST_FILE = ShareExtension/Info.plist;
				MARKETING_VERSION = 0.1.0;
				PRODUCT_BUNDLE_IDENTIFIER = com.zsheng.ArticleReader.Share;
				PRODUCT_NAME = "$(TARGET_NAME)";
				SKIP_INSTALL = YES;
				TARGETED_DEVICE_FAMILY = "1,2";
			};
			name = Debug;
		};
		FCB48D8F88BCDB0ED9FADFD7 /* Debug */ = {
			isa = XCBuildConfiguration;
			buildSettings = {
				CLANG_ENABLE_MODULES = YES;
				CODE_SIGN_STYLE = Automatic;
				CURRENT_PROJECT_VERSION = 1;
				DEVELOPMENT_TEAM = PG4255U5YA;
				ENABLE_TESTABILITY = YES;
				GENERATE_INFOPLIST_FILE = YES;
				IPHONEOS_DEPLOYMENT_TARGET = 17.0;
				MARKETING_VERSION = 0.1.0;
				ONLY_ACTIVE_ARCH = YES;
				PRODUCT_BUNDLE_IDENTIFIER = com.zsheng.ArticleReaderUITests;
				PRODUCT_NAME = "$(TARGET_NAME)";
				SDKROOT = iphoneos;
				SWIFT_ACTIVE_COMPILATION_CONDITIONS = DEBUG;
				SWIFT_VERSION = 5.0;
				TARGETED_DEVICE_FAMILY = "1,2";
				TEST_TARGET_NAME = ArticleReader;
			};
			name = Debug;
		};
/* End XCBuildConfiguration section */

/* Begin XCConfigurationList section */
		862894B703A6DEDF96A9DD6C /* Build configuration list for PBXProject "ArticleReader" */ = {
			isa = XCConfigurationList;
			buildConfigurations = (
				89E1FD6268CC0F221A2BE178 /* Debug */,
				E6DE6C99132752C914FEF632 /* Release */,
			);
			defaultConfigurationIsVisible = 0;
			defaultConfigurationName = Release;
		};
		B4B100F3AD4716C1856C57B3 /* Build configuration list for PBXNativeTarget "ArticleShare" */ = {
			isa = XCConfigurationList;
			buildConfigurations = (
				F8E964B76970EB7D1556E779 /* Debug */,
				58FCBBEC0E34A3007D58E08F /* Release */,
			);
			defaultConfigurationIsVisible = 0;
			defaultConfigurationName = Release;
		};
		BECB265224D91761C05FDA33 /* Build configuration list for PBXNativeTarget "ArticleReaderUITests" */ = {
			isa = XCConfigurationList;
			buildConfigurations = (
				FCB48D8F88BCDB0ED9FADFD7 /* Debug */,
				942EEBBACD6C88CAE7F29B29 /* Release */,
			);
			defaultConfigurationIsVisible = 0;
			defaultConfigurationName = Release;
		};
		F37922C48DA5978D02C9E50E /* Build configuration list for PBXNativeTarget "ArticleReader" */ = {
			isa = XCConfigurationList;
			buildConfigurations = (
				E9B2E96ABC5F6856F2BE79CF /* Debug */,
				5A8C91857F674E16E2724F47 /* Release */,
			);
			defaultConfigurationIsVisible = 0;
			defaultConfigurationName = Release;
		};
/* End XCConfigurationList section */

/* Begin XCRemoteSwiftPackageReference section */
		582681C2EAE02B3F3D399C0C /* XCRemoteSwiftPackageReference "SwiftSoup" */ = {
			isa = XCRemoteSwiftPackageReference;
			repositoryURL = "https://github.com/scinfu/SwiftSoup.git";
			requirement = {
				kind = exactVersion;
				version = 2.13.9;
			};
		};
/* End XCRemoteSwiftPackageReference section */

/* Begin XCLocalSwiftPackageReference section */
		ABC000000000000000000001 /* ArcticSync */ = {
			isa = XCLocalSwiftPackageReference;
			relativePath = Sync;
		};
/* End XCLocalSwiftPackageReference section */

/* Begin XCSwiftPackageProductDependency section */
		ABC000000000000000000002 /* ArcticSync */ = {
			isa = XCSwiftPackageProductDependency;
			package = ABC000000000000000000001;
			productName = ArcticSync;
		};
		AC0000000000000000000014 /* SwiftSoup */ = {
			isa = XCSwiftPackageProductDependency;
			package = 582681C2EAE02B3F3D399C0C /* XCRemoteSwiftPackageReference "SwiftSoup" */;
			productName = SwiftSoup;
		};
		93AD1EDAFAFA81C496F7C2F3 /* SwiftSoup */ = {
			isa = XCSwiftPackageProductDependency;
			package = 582681C2EAE02B3F3D399C0C /* XCRemoteSwiftPackageReference "SwiftSoup" */;
			productName = SwiftSoup;
		};
/* End XCSwiftPackageProductDependency section */
	};
	rootObject = 98F54143AB4E86B28C3AFEE0 /* Project object */;
}
