// !$*UTF8*$!
{
  archiveVersion = 1;
  classes = {};
  objectVersion = 77;
  objects = {
    A00000000000000000000001 = {isa = PBXProject; attributes = {BuildIndependentTargetsInParallel = YES; LastUpgradeCheck = 2630;}; buildConfigurationList = A00000000000000000000010; compatibilityVersion = "Xcode 16.0"; developmentRegion = en; hasScannedForEncodings = 0; knownRegions = (en, Base); mainGroup = A00000000000000000000002; productRefGroup = A00000000000000000000003; projectDirPath = ""; projectRoot = ""; targets = (A00000000000000000000004);};
    A00000000000000000000002 = {isa = PBXGroup; children = (A00000000000000000000005, A00000000000000000000006, A00000000000000000000003); sourceTree = "<group>";};
    A00000000000000000000003 = {isa = PBXGroup; children = (A00000000000000000000007); name = Products; sourceTree = "<group>";};
    A00000000000000000000004 = {isa = PBXNativeTarget; buildConfigurationList = A00000000000000000000011; buildPhases = (A00000000000000000000008, A00000000000000000000009, A0000000000000000000000A); buildRules = (); dependencies = (); fileSystemSynchronizedGroups = (A00000000000000000000005); name = Reader; productName = Reader; productReference = A00000000000000000000007; productType = "com.apple.product-type.application";};
    A00000000000000000000005 = {isa = PBXFileSystemSynchronizedRootGroup; path = Reader; sourceTree = "<group>";};
    A00000000000000000000006 = {isa = PBXGroup; children = (A0000000000000000000000B, A0000000000000000000000C, A0000000000000000000000D, A0000000000000000000000E); path = Resources; sourceTree = "<group>";};
    A00000000000000000000007 = {isa = PBXFileReference; explicitFileType = wrapper.application; includeInIndex = 0; path = Reader.app; sourceTree = BUILT_PRODUCTS_DIR;};
    A00000000000000000000008 = {isa = PBXSourcesBuildPhase; buildActionMask = 2147483647; files = (); runOnlyForDeploymentPostprocessing = 0;};
    A00000000000000000000009 = {isa = PBXFrameworksBuildPhase; buildActionMask = 2147483647; files = (); runOnlyForDeploymentPostprocessing = 0;};
    A0000000000000000000000A = {isa = PBXResourcesBuildPhase; buildActionMask = 2147483647; files = (A0000000000000000000000F, A00000000000000000000018, A00000000000000000000019); runOnlyForDeploymentPostprocessing = 0;};
    A0000000000000000000000B = {isa = PBXFileReference; lastKnownFileType = folder; path = web; sourceTree = "<group>";};
    A0000000000000000000000C = {isa = PBXFileReference; lastKnownFileType = folder.assetcatalog; path = Assets.xcassets; sourceTree = "<group>";};
    A0000000000000000000000D = {isa = PBXFileReference; lastKnownFileType = text.plist.xml; path = Info.plist; sourceTree = "<group>";};
    A0000000000000000000000E = {isa = PBXFileReference; lastKnownFileType = folder; path = Fonts; sourceTree = "<group>";};
    A0000000000000000000000F = {isa = PBXBuildFile; fileRef = A0000000000000000000000B;};
    A00000000000000000000018 = {isa = PBXBuildFile; fileRef = A0000000000000000000000C;};
    A00000000000000000000019 = {isa = PBXBuildFile; fileRef = A0000000000000000000000E;};
    A00000000000000000000010 = {isa = XCConfigurationList; buildConfigurations = (A00000000000000000000012, A00000000000000000000013); defaultConfigurationIsVisible = 0; defaultConfigurationName = Release;};
    A00000000000000000000011 = {isa = XCConfigurationList; buildConfigurations = (A00000000000000000000014, A00000000000000000000015); defaultConfigurationIsVisible = 0; defaultConfigurationName = Release;};
    A00000000000000000000012 = {isa = XCBuildConfiguration; name = Debug; buildSettings = {CLANG_ENABLE_MODULES = YES; SWIFT_OPTIMIZATION_LEVEL = "-Onone"; SWIFT_ACTIVE_COMPILATION_CONDITIONS = DEBUG; SDKROOT = iphoneos; IPHONEOS_DEPLOYMENT_TARGET = 16.4; DEBUG_INFORMATION_FORMAT = dwarf;};};
    A00000000000000000000013 = {isa = XCBuildConfiguration; name = Release; buildSettings = {CLANG_ENABLE_MODULES = YES; SWIFT_COMPILATION_MODE = wholemodule; SWIFT_OPTIMIZATION_LEVEL = "-O"; SDKROOT = iphoneos; IPHONEOS_DEPLOYMENT_TARGET = 16.4; DEBUG_INFORMATION_FORMAT = "dwarf-with-dsym";};};
    A00000000000000000000014 = {isa = XCBuildConfiguration; name = Debug; buildSettings = {ASSETCATALOG_COMPILER_APPICON_NAME = AppIcon; CODE_SIGN_STYLE = Automatic; CURRENT_PROJECT_VERSION = 2; GENERATE_INFOPLIST_FILE = NO; INFOPLIST_FILE = Resources/Info.plist; LD_RUNPATH_SEARCH_PATHS = ("$(inherited)", "@executable_path/Frameworks"); MARKETING_VERSION = 0.2.0; PRODUCT_BUNDLE_IDENTIFIER = app.zsheng.reader.mobile; PRODUCT_NAME = "$(TARGET_NAME)"; SUPPORTED_PLATFORMS = "iphoneos iphonesimulator"; SWIFT_VERSION = 5.0; TARGETED_DEVICE_FAMILY = "1,2";};};
    A00000000000000000000015 = {isa = XCBuildConfiguration; name = Release; buildSettings = {ASSETCATALOG_COMPILER_APPICON_NAME = AppIcon; CODE_SIGN_STYLE = Automatic; CURRENT_PROJECT_VERSION = 2; GENERATE_INFOPLIST_FILE = NO; INFOPLIST_FILE = Resources/Info.plist; LD_RUNPATH_SEARCH_PATHS = ("$(inherited)", "@executable_path/Frameworks"); MARKETING_VERSION = 0.2.0; PRODUCT_BUNDLE_IDENTIFIER = app.zsheng.reader.mobile; PRODUCT_NAME = "$(TARGET_NAME)"; SUPPORTED_PLATFORMS = "iphoneos iphonesimulator"; SWIFT_VERSION = 5.0; TARGETED_DEVICE_FAMILY = "1,2";};};
  };
  rootObject = A00000000000000000000001;
}
